
Microsoft Visual Studio Solution File, Format Version 12.00
# Visual Studio 15
VisualStudioVersion = 15.0.27004.2006
MinimumVisualStudioVersion = 10.0.40219.1
Project("{FAE04EC0-301F-11D3-BF4B-00C04F79EFBC}") = "Hangfire", "Hangfire\Hangfire.csproj", "{9DE878F9-E049-4714-BB58-C3F5ED28057A}"
EndProject
Global
	GlobalSection(SolutionConfigurationPlatforms) = preSolution
		Debug|Any CPU = Debug|Any CPU
		Release|Any CPU = Release|Any CPU
	EndGlobalSection
	GlobalSection(ProjectConfigurationPlatforms) = postSolution
		{9DE878F9-E049-4714-BB58-C3F5ED28057A}.Debug|Any CPU.ActiveCfg = Debug|Any CPU
		{9DE878F9-E049-4714-BB58-C3F5ED28057A}.Debug|Any CPU.Build.0 = Debug|Any CPU
		{9DE878F9-E049-4714-BB58-C3F5ED28057A}.Release|Any CPU.ActiveCfg = Release|Any CPU
		{9DE878F9-E049-4714-BB58-C3F5ED28057A}.Release|Any CPU.Build.0 = Release|Any CPU
	EndGlobalSection
	GlobalSection(SolutionProperties) = preSolution
		HideSolutionNode = FALSE
	EndGlobalSection
	GlobalSection(ExtensibilityGlobals) = postSolution
		SolutionGuid = {8A64F819-3C44-437A-A4BA-44472E77EAD3}
	EndGlobalSection
EndGlobal
